github.com/eduardolat/gomponents-lucide v1.4.0 h1:i6X+ZWbPlo6wUcM0FE4vn+qiuxVdzwvYtDS2kUeupk0=
github.com/eduardolat/gomponents-lucide v1.4.0/go.mod h1:psh1cYqhhF7cGjeJ3iY/uhioevuE7hZLUmPtjjMapGw=
github.com/joho/godotenv v1.5.1 h1:7eLL/+HRGLY0ldzfGMeQkb7vMd0as4CfYvUVzLqw0N0=
github.com/joho/godotenv v1.5.1/go.mod h1:f4LDr5Voq0i2e/R5DDNOoa2zzDfwtkZa6DnEwAbqwq4=
maragu.dev/gomponents v1.2.0 h1:H7/N5htz1GCnhu0HB1GasluWeU2rJZOYztVEyN61iTc=
maragu.dev/gomponents v1.2.0/go.mod h1:oEDahza2gZoXDoDHhw8jBNgH+3UR5ni7Ur648HORydM=
